
Microsoft Visual Studio Solution File, Format Version 12.00
# Visual Studio Version 17
VisualStudioVersion = 17.6.33723.286
MinimumVisualStudioVersion = 10.0.40219.1
Project("{FAE04EC0-301F-11D3-BF4B-00C04F79EFBC}") = "programm14", "programm14\programm14.csproj", "{5F51A311-A760-42EE-A0A5-8959012535EE}"
EndProject
Project("{FAE04EC0-301F-11D3-BF4B-00C04F79EFBC}") = "Tests", "..\..\..\Молотова\Tests\Tests.csproj", "{F7AA4BE4-4A57-4D57-BDAA-779827244C02}"
EndProject
Global
	GlobalSection(SolutionConfigurationPlatforms) = preSolution
		Debug|Any CPU = Debug|Any CPU
		Release|Any CPU = Release|Any CPU
	EndGlobalSection
	GlobalSection(ProjectConfigurationPlatforms) = postSolution
		{5F51A311-A760-42EE-A0A5-8959012535EE}.Debug|Any CPU.ActiveCfg = Debug|Any CPU
		{5F51A311-A760-42EE-A0A5-8959012535EE}.Debug|Any CPU.Build.0 = Debug|Any CPU
		{5F51A311-A760-42EE-A0A5-8959012535EE}.Release|Any CPU.ActiveCfg = Release|Any CPU
		{5F51A311-A760-42EE-A0A5-8959012535EE}.Release|Any CPU.Build.0 = Release|Any CPU
		{F7AA4BE4-4A57-4D57-BDAA-779827244C02}.Debug|Any CPU.ActiveCfg = Debug|Any CPU
		{F7AA4BE4-4A57-4D57-BDAA-779827244C02}.Debug|Any CPU.Build.0 = Debug|Any CPU
		{F7AA4BE4-4A57-4D57-BDAA-779827244C02}.Release|Any CPU.ActiveCfg = Release|Any CPU
		{F7AA4BE4-4A57-4D57-BDAA-779827244C02}.Release|Any CPU.Build.0 = Release|Any CPU
	EndGlobalSection
	GlobalSection(SolutionProperties) = preSolution
		HideSolutionNode = FALSE
	EndGlobalSection
	GlobalSection(ExtensibilityGlobals) = postSolution
		SolutionGuid = {7960DF29-D275-48E2-B442-BDB6F3CCE9BD}
	EndGlobalSection
EndGlobal
